
Microsoft Visual Studio Solution File, Format Version 12.00
# Visual Studio Version 17
VisualStudioVersion = 17.14.36623.8
MinimumVisualStudioVersion = 10.0.40219.1
Project("{2150E333-8FDC-42A3-9474-1A3956D46DE8}") = "Task0", "Task0", "{02EA681E-C7D8-13C7-8484-4AC65E1B71E8}"
EndProject
Project("{FAE04EC0-301F-11D3-BF4B-00C04F79EFBC}") = "Tyuiu.VashumirskayaEV.Sprint2.Task0.V14", "Tyuiu.VashumirskayaEV.Sprint2.Task0.V14\Tyuiu.VashumirskayaEV.Sprint2.Task0.V14.csproj", "{59ABC9AB-36B9-4762-B603-4C7F0B919071}"
EndProject
Project("{FAE04EC0-301F-11D3-BF4B-00C04F79EFBC}") = "Tyuiu.VashumirskayaEV.Sprint2.Task0.V14.Lib", "Tyuiu.VashumirskayaEV.Sprint2.Task0.V14.Lib\Tyuiu.VashumirskayaEV.Sprint2.Task0.V14.Lib.csproj", "{1CEA1F8C-D13C-4B04-A153-2C78D038A27B}"
EndProject
Project("{FAE04EC0-301F-11D3-BF4B-00C04F79EFBC}") = "Tyuiu.VashumirskayaEV.Sprint2.Task0.V14.Test", "Tyuiu.VashumirskayaEV.Sprint2.Task0.V14.Test\Tyuiu.VashumirskayaEV.Sprint2.Task0.V14.Test.csproj", "{3C5FA84C-8C52-490D-9A60-E1C88B7C21D1}"
EndProject
Project("{2150E333-8FDC-42A3-9474-1A3956D46DE8}") = "Task1", "Task1", "{70166002-871A-49E2-BC15-C80EAC2394D2}"
EndProject
Project("{FAE04EC0-301F-11D3-BF4B-00C04F79EFBC}") = "Tyuiu.VashumirskayaEV.Sprint2.Task1.V2", "Tyuiu.VashumirskayaEV.Sprint2.Task1.V2\Tyuiu.VashumirskayaEV.Sprint2.Task1.V2.csproj", "{3EE80CB0-D44D-4B96-9BAE-7FB08DFAE94F}"
EndProject
Project("{FAE04EC0-301F-11D3-BF4B-00C04F79EFBC}") = "Tyuiu.VashumirskayaEV.Sprint2.Task1.V2.Lib", "Tyuiu.VashumirskayaEV.Sprint2.Task1.V2.Lib\Tyuiu.VashumirskayaEV.Sprint2.Task1.V2.Lib.csproj", "{2C40F39F-AF1A-4F03-8437-299E6E0CD9AE}"
EndProject
Project("{FAE04EC0-301F-11D3-BF4B-00C04F79EFBC}") = "Tyuiu.VashumirskayaEV.Sprint2.Task1.V2.Test", "Tyuiu.VashumirskayaEV.Sprint2.Task1.V2.Test\Tyuiu.VashumirskayaEV.Sprint2.Task1.V2.Test.csproj", "{0B710F8D-05B0-492C-9CD2-CDA14294D0BA}"
EndProject
Project("{2150E333-8FDC-42A3-9474-1A3956D46DE8}") = "Task2", "Task2", "{0060F363-80DE-4ACB-938B-88F1A603746A}"
EndProject
Project("{FAE04EC0-301F-11D3-BF4B-00C04F79EFBC}") = "Tyuiu.VashumirskayaEV.Sprint2.Task2.V5", "Tyuiu.VashumirskayaEV.Sprint2.Task2.V5\Tyuiu.VashumirskayaEV.Sprint2.Task2.V5.csproj", "{71F6ADC5-7E86-4930-B859-229739564471}"
EndProject
Project("{FAE04EC0-301F-11D3-BF4B-00C04F79EFBC}") = "Tyuiu.VashumirskayaEV.Sprint2.Task2.V5.Lib", "Tyuiu.VashumirskayaEV.Sprint2.Task2.V5.Lib\Tyuiu.VashumirskayaEV.Sprint2.Task2.V5.Lib.csproj", "{9F044FE8-83A4-46D0-BD7B-D95278987522}"
EndProject
Project("{FAE04EC0-301F-11D3-BF4B-00C04F79EFBC}") = "Tyuiu.VashumirskayaEV.Sprint2.Task2.V5.Test", "Tyuiu.VashumirskayaEV.Sprint2.Task2.V5.Test\Tyuiu.VashumirskayaEV.Sprint2.Task2.V5.Test.csproj", "{ADA6871A-4AF5-4451-91CA-A2A190A6EC13}"
EndProject
Project("{2150E333-8FDC-42A3-9474-1A3956D46DE8}") = "Task3", "Task3", "{72F0B699-B973-466F-B53F-FE69EF8DAEE7}"
EndProject
Project("{FAE04EC0-301F-11D3-BF4B-00C04F79EFBC}") = "Tyuiu.VashumirskayaEV.Sprint2.Task3.V27", "Tyuiu.VashumirskayaEV.Sprint2.Task3.V27\Tyuiu.VashumirskayaEV.Sprint2.Task3.V27.csproj", "{75CB2BE2-C8A5-4CC2-B3EC-A15F9E19D1F4}"
EndProject
Project("{FAE04EC0-301F-11D3-BF4B-00C04F79EFBC}") = "Tyuiu.VashumirskayaEV.Sprint2.Task3.V27.Lib", "Tyuiu.VashumirskayaEV.Sprint2.Task3.V27.Lib\Tyuiu.VashumirskayaEV.Sprint2.Task3.V27.Lib.csproj", "{AB81946E-3873-4315-BE23-0613EC2C78C5}"
EndProject
Project("{FAE04EC0-301F-11D3-BF4B-00C04F79EFBC}") = "Tyuiu.VashumirskayaEV.Sprint2.Task3.V27.Test", "Tyuiu.VashumirskayaEV.Sprint2.Task3.V27.Test\Tyuiu.VashumirskayaEV.Sprint2.Task3.V27.Test.csproj", "{D6754248-E526-48E7-9189-EF87EA745258}"
EndProject
Project("{2150E333-8FDC-42A3-9474-1A3956D46DE8}") = "Task4", "Task4", "{F369C88B-D3E8-46FC-A23F-189D255200B7}"
EndProject
Project("{FAE04EC0-301F-11D3-BF4B-00C04F79EFBC}") = "Tyuiu.VashumirskayaEV.Sprint2.Task4.V27", "Tyuiu.VashumirskayaEV.Sprint2.Task4.V27\Tyuiu.VashumirskayaEV.Sprint2.Task4.V27.csproj", "{81985BFA-D696-418F-B769-DF38144E94B4}"
EndProject
Project("{FAE04EC0-301F-11D3-BF4B-00C04F79EFBC}") = "Tyuiu.VashumirskayaEV.Sprint2.Task4.V27.Lib", "Tyuiu.VashumirskayaEV.Sprint2.Task4.V27.Lib\Tyuiu.VashumirskayaEV.Sprint2.Task4.V27.Lib.csproj", "{A3EB2552-B37D-4197-8546-FE246B4CFA92}"
EndProject
Project("{FAE04EC0-301F-11D3-BF4B-00C04F79EFBC}") = "Tyuiu.VashumirskayaEV.Sprint2.Task4.V27.Test", "Tyuiu.VashumirskayaEV.Sprint2.Task4.V27.Test\Tyuiu.VashumirskayaEV.Sprint2.Task4.V27.Test.csproj", "{96BAB2AB-1A7E-48A4-B34A-5E06BEAF8E03}"
EndProject
Project("{2150E333-8FDC-42A3-9474-1A3956D46DE8}") = "Task5", "Task5", "{69354A66-70A8-4552-8872-B4DD407F628A}"
EndProject
Project("{FAE04EC0-301F-11D3-BF4B-00C04F79EFBC}") = "Tyuiu.VashumirskayaEV.Sprint2.Task5.V12", "Tyuiu.VashumirskayaEV.Sprint2.Task5.V12\Tyuiu.VashumirskayaEV.Sprint2.Task5.V12.csproj", "{BBD11873-C568-4F5D-AE09-7B82B45B4434}"
EndProject
Project("{FAE04EC0-301F-11D3-BF4B-00C04F79EFBC}") = "Tyuiu.VashumirskayaEV.Sprint2.Task5.V12.Lib", "Tyuiu.VashumirskayaEV.Sprint2.Task5.V12.Lib\Tyuiu.VashumirskayaEV.Sprint2.Task5.V12.Lib.csproj", "{83AE7DB8-D41F-49E4-BF00-65EAE053B437}"
EndProject
Project("{FAE04EC0-301F-11D3-BF4B-00C04F79EFBC}") = "Tyuiu.VashumirskayaEV.Sprint2.Task5.V12.Test", "Tyuiu.VashumirskayaEV.Sprint2.Task5.V12.Test\Tyuiu.VashumirskayaEV.Sprint2.Task5.V12.Test.csproj", "{FFAD48DF-51DA-4734-A50F-A4472CC0606F}"
EndProject
Global
	GlobalSection(SolutionConfigurationPlatforms) = preSolution
		Debug|Any CPU = Debug|Any CPU
		Release|Any CPU = Release|Any CPU
	EndGlobalSection
	GlobalSection(ProjectConfigurationPlatforms) = postSolution
		{59ABC9AB-36B9-4762-B603-4C7F0B919071}.Debug|Any CPU.ActiveCfg = Debug|Any CPU
		{59ABC9AB-36B9-4762-B603-4C7F0B919071}.Debug|Any CPU.Build.0 = Debug|Any CPU
		{59ABC9AB-36B9-4762-B603-4C7F0B919071}.Release|Any CPU.ActiveCfg = Release|Any CPU
		{59ABC9AB-36B9-4762-B603-4C7F0B919071}.Release|Any CPU.Build.0 = Release|Any CPU
		{1CEA1F8C-D13C-4B04-A153-2C78D038A27B}.Debug|Any CPU.ActiveCfg = Debug|Any CPU
		{1CEA1F8C-D13C-4B04-A153-2C78D038A27B}.Debug|Any CPU.Build.0 = Debug|Any CPU
		{1CEA1F8C-D13C-4B04-A153-2C78D038A27B}.Release|Any CPU.ActiveCfg = Release|Any CPU
		{1CEA1F8C-D13C-4B04-A153-2C78D038A27B}.Release|Any CPU.Build.0 = Release|Any CPU
		{3C5FA84C-8C52-490D-9A60-E1C88B7C21D1}.Debug|Any CPU.ActiveCfg = Debug|Any CPU
		{3C5FA84C-8C52-490D-9A60-E1C88B7C21D1}.Debug|Any CPU.Build.0 = Debug|Any CPU
		{3C5FA84C-8C52-490D-9A60-E1C88B7C21D1}.Release|Any CPU.ActiveCfg = Release|Any CPU
		{3C5FA84C-8C52-490D-9A60-E1C88B7C21D1}.Release|Any CPU.Build.0 = Release|Any CPU
		{3EE80CB0-D44D-4B96-9BAE-7FB08DFAE94F}.Debug|Any CPU.ActiveCfg = Debug|Any CPU
		{3EE80CB0-D44D-4B96-9BAE-7FB08DFAE94F}.Debug|Any CPU.Build.0 = Debug|Any CPU
		{3EE80CB0-D44D-4B96-9BAE-7FB08DFAE94F}.Release|Any CPU.ActiveCfg = Release|Any CPU
		{3EE80CB0-D44D-4B96-9BAE-7FB08DFAE94F}.Release|Any CPU.Build.0 = Release|Any CPU
		{2C40F39F-AF1A-4F03-8437-299E6E0CD9AE}.Debug|Any CPU.ActiveCfg = Debug|Any CPU
		{2C40F39F-AF1A-4F03-8437-299E6E0CD9AE}.Debug|Any CPU.Build.0 = Debug|Any CPU
		{2C40F39F-AF1A-4F03-8437-299E6E0CD9AE}.Release|Any CPU.ActiveCfg = Release|Any CPU
		{2C40F39F-AF1A-4F03-8437-299E6E0CD9AE}.Release|Any CPU.Build.0 = Release|Any CPU
		{0B710F8D-05B0-492C-9CD2-CDA14294D0BA}.Debug|Any CPU.ActiveCfg = Debug|Any CPU
		{0B710F8D-05B0-492C-9CD2-CDA14294D0BA}.Debug|Any CPU.Build.0 = Debug|Any CPU
		{0B710F8D-05B0-492C-9CD2-CDA14294D0BA}.Release|Any CPU.ActiveCfg = Release|Any CPU
		{0B710F8D-05B0-492C-9CD2-CDA14294D0BA}.Release|Any CPU.Build.0 = Release|Any CPU
		{71F6ADC5-7E86-4930-B859-229739564471}.Debug|Any CPU.ActiveCfg = Debug|Any CPU
		{71F6ADC5-7E86-4930-B859-229739564471}.Debug|Any CPU.Build.0 = Debug|Any CPU
		{71F6ADC5-7E86-4930-B859-229739564471}.Release|Any CPU.ActiveCfg = Release|Any CPU
		{71F6ADC5-7E86-4930-B859-229739564471}.Release|Any CPU.Build.0 = Release|Any CPU
		{9F044FE8-83A4-46D0-BD7B-D95278987522}.Debug|Any CPU.ActiveCfg = Debug|Any CPU
		{9F044FE8-83A4-46D0-BD7B-D95278987522}.Debug|Any CPU.Build.0 = Debug|Any CPU
		{9F044FE8-83A4-46D0-BD7B-D95278987522}.Release|Any CPU.ActiveCfg = Release|Any CPU
		{9F044FE8-83A4-46D0-BD7B-D95278987522}.Release|Any CPU.Build.0 = Release|Any CPU
		{ADA6871A-4AF5-4451-91CA-A2A190A6EC13}.Debug|Any CPU.ActiveCfg = Debug|Any CPU
		{ADA6871A-4AF5-4451-91CA-A2A190A6EC13}.Debug|Any CPU.Build.0 = Debug|Any CPU
		{ADA6871A-4AF5-4451-91CA-A2A190A6EC13}.Release|Any CPU.ActiveCfg = Release|Any CPU
		{ADA6871A-4AF5-4451-91CA-A2A190A6EC13}.Release|Any CPU.Build.0 = Release|Any CPU
		{75CB2BE2-C8A5-4CC2-B3EC-A15F9E19D1F4}.Debug|Any CPU.ActiveCfg = Debug|Any CPU
		{75CB2BE2-C8A5-4CC2-B3EC-A15F9E19D1F4}.Debug|Any CPU.Build.0 = Debug|Any CPU
		{75CB2BE2-C8A5-4CC2-B3EC-A15F9E19D1F4}.Release|Any CPU.ActiveCfg = Release|Any CPU
		{75CB2BE2-C8A5-4CC2-B3EC-A15F9E19D1F4}.Release|Any CPU.Build.0 = Release|Any CPU
		{AB81946E-3873-4315-BE23-0613EC2C78C5}.Debug|Any CPU.ActiveCfg = Debug|Any CPU
		{AB81946E-3873-4315-BE23-0613EC2C78C5}.Debug|Any CPU.Build.0 = Debug|Any CPU
		{AB81946E-3873-4315-BE23-0613EC2C78C5}.Release|Any CPU.ActiveCfg = Release|Any CPU
		{AB81946E-3873-4315-BE23-0613EC2C78C5}.Release|Any CPU.Build.0 = Release|Any CPU
		{D6754248-E526-48E7-9189-EF87EA745258}.Debug|Any CPU.ActiveCfg = Debug|Any CPU
		{D6754248-E526-48E7-9189-EF87EA745258}.Debug|Any CPU.Build.0 = Debug|Any CPU
		{D6754248-E526-48E7-9189-EF87EA745258}.Release|Any CPU.ActiveCfg = Release|Any CPU
		{D6754248-E526-48E7-9189-EF87EA745258}.Release|Any CPU.Build.0 = Release|Any CPU
		{81985BFA-D696-418F-B769-DF38144E94B4}.Debug|Any CPU.ActiveCfg = Debug|Any CPU
		{81985BFA-D696-418F-B769-DF38144E94B4}.Debug|Any CPU.Build.0 = Debug|Any CPU
		{81985BFA-D696-418F-B769-DF38144E94B4}.Release|Any CPU.ActiveCfg = Release|Any CPU
		{81985BFA-D696-418F-B769-DF38144E94B4}.Release|Any CPU.Build.0 = Release|Any CPU
		{A3EB2552-B37D-4197-8546-FE246B4CFA92}.Debug|Any CPU.ActiveCfg = Debug|Any CPU
		{A3EB2552-B37D-4197-8546-FE246B4CFA92}.Debug|Any CPU.Build.0 = Debug|Any CPU
		{A3EB2552-B37D-4197-8546-FE246B4CFA92}.Release|Any CPU.ActiveCfg = Release|Any CPU
		{A3EB2552-B37D-4197-8546-FE246B4CFA92}.Release|Any CPU.Build.0 = Release|Any CPU
		{96BAB2AB-1A7E-48A4-B34A-5E06BEAF8E03}.Debug|Any CPU.ActiveCfg = Debug|Any CPU
		{96BAB2AB-1A7E-48A4-B34A-5E06BEAF8E03}.Debug|Any CPU.Build.0 = Debug|Any CPU
		{96BAB2AB-1A7E-48A4-B34A-5E06BEAF8E03}.Release|Any CPU.ActiveCfg = Release|Any CPU
		{96BAB2AB-1A7E-48A4-B34A-5E06BEAF8E03}.Release|Any CPU.Build.0 = Release|Any CPU
		{BBD11873-C568-4F5D-AE09-7B82B45B4434}.Debug|Any CPU.ActiveCfg = Debug|Any CPU
		{BBD11873-C568-4F5D-AE09-7B82B45B4434}.Debug|Any CPU.Build.0 = Debug|Any CPU
		{BBD11873-C568-4F5D-AE09-7B82B45B4434}.Release|Any CPU.ActiveCfg = Release|Any CPU
		{BBD11873-C568-4F5D-AE09-7B82B45B4434}.Release|Any CPU.Build.0 = Release|Any CPU
		{83AE7DB8-D41F-49E4-BF00-65EAE053B437}.Debug|Any CPU.ActiveCfg = Debug|Any CPU
		{83AE7DB8-D41F-49E4-BF00-65EAE053B437}.Debug|Any CPU.Build.0 = Debug|Any CPU
		{83AE7DB8-D41F-49E4-BF00-65EAE053B437}.Release|Any CPU.ActiveCfg = Release|Any CPU
		{83AE7DB8-D41F-49E4-BF00-65EAE053B437}.Release|Any CPU.Build.0 = Release|Any CPU
		{FFAD48DF-51DA-4734-A50F-A4472CC0606F}.Debug|Any CPU.ActiveCfg = Debug|Any CPU
		{FFAD48DF-51DA-4734-A50F-A4472CC0606F}.Debug|Any CPU.Build.0 = Debug|Any CPU
		{FFAD48DF-51DA-4734-A50F-A4472CC0606F}.Release|Any CPU.ActiveCfg = Release|Any CPU
		{FFAD48DF-51DA-4734-A50F-A4472CC0606F}.Release|Any CPU.Build.0 = Release|Any CPU
	EndGlobalSection
	GlobalSection(SolutionProperties) = preSolution
		HideSolutionNode = FALSE
	EndGlobalSection
	GlobalSection(NestedProjects) = preSolution
		{59ABC9AB-36B9-4762-B603-4C7F0B919071} = {02EA681E-C7D8-13C7-8484-4AC65E1B71E8}
		{1CEA1F8C-D13C-4B04-A153-2C78D038A27B} = {02EA681E-C7D8-13C7-8484-4AC65E1B71E8}
		{3C5FA84C-8C52-490D-9A60-E1C88B7C21D1} = {02EA681E-C7D8-13C7-8484-4AC65E1B71E8}
		{3EE80CB0-D44D-4B96-9BAE-7FB08DFAE94F} = {70166002-871A-49E2-BC15-C80EAC2394D2}
		{2C40F39F-AF1A-4F03-8437-299E6E0CD9AE} = {70166002-871A-49E2-BC15-C80EAC2394D2}
		{0B710F8D-05B0-492C-9CD2-CDA14294D0BA} = {70166002-871A-49E2-BC15-C80EAC2394D2}
		{71F6ADC5-7E86-4930-B859-229739564471} = {0060F363-80DE-4ACB-938B-88F1A603746A}
		{9F044FE8-83A4-46D0-BD7B-D95278987522} = {0060F363-80DE-4ACB-938B-88F1A603746A}
		{ADA6871A-4AF5-4451-91CA-A2A190A6EC13} = {0060F363-80DE-4ACB-938B-88F1A603746A}
		{75CB2BE2-C8A5-4CC2-B3EC-A15F9E19D1F4} = {72F0B699-B973-466F-B53F-FE69EF8DAEE7}
		{AB81946E-3873-4315-BE23-0613EC2C78C5} = {72F0B699-B973-466F-B53F-FE69EF8DAEE7}
		{D6754248-E526-48E7-9189-EF87EA745258} = {72F0B699-B973-466F-B53F-FE69EF8DAEE7}
		{81985BFA-D696-418F-B769-DF38144E94B4} = {F369C88B-D3E8-46FC-A23F-189D255200B7}
		{A3EB2552-B37D-4197-8546-FE246B4CFA92} = {F369C88B-D3E8-46FC-A23F-189D255200B7}
		{96BAB2AB-1A7E-48A4-B34A-5E06BEAF8E03} = {F369C88B-D3E8-46FC-A23F-189D255200B7}
		{BBD11873-C568-4F5D-AE09-7B82B45B4434} = {69354A66-70A8-4552-8872-B4DD407F628A}
		{83AE7DB8-D41F-49E4-BF00-65EAE053B437} = {69354A66-70A8-4552-8872-B4DD407F628A}
		{FFAD48DF-51DA-4734-A50F-A4472CC0606F} = {69354A66-70A8-4552-8872-B4DD407F628A}
	EndGlobalSection
	GlobalSection(ExtensibilityGlobals) = postSolution
		SolutionGuid = {EEBF0BAC-75DE-4359-9D07-66E006E9D91E}
	EndGlobalSection
EndGlobal
